// !$*UTF8*$!
{
	archiveVersion = 1;
	classes = {
	};
	objectVersion = 56;
	objects = {

/* Begin PBXBuildFile section */
		690A81D72B20A8F60012F215 /* TrainingTimerApp.swift in Sources */ = {isa = PBXBuildFile; fileRef = 690A81D62B20A8F60012F215 /* TrainingTimerApp.swift */; };
		690A81D92B20A8F60012F215 /* ContentView.swift in Sources */ = {isa = PBXBuildFile; fileRef = 690A81D82B20A8F60012F215 /* ContentView.swift */; };
		690A81DD2B20A8F70012F215 /* Assets.xcassets in Resources */ = {isa = PBXBuildFile; fileRef = 690A81DC2B20A8F70012F215 /* Assets.xcassets */; };
		690A81E02B20A8F70012F215 /* Preview Assets.xcassets in Resources */ = {isa = PBXBuildFile; fileRef = 690A81DF2B20A8F70012F215 /* Preview Assets.xcassets */; };
		6913BBCE2B35C23B00B76D0F /* ColorExtension.swift in Sources */ = {isa = PBXBuildFile; fileRef = 6913BBCD2B35C23B00B76D0F /* ColorExtension.swift */; };
		691E29E72B37C09700E6817D /* Models.swift in Sources */ = {isa = PBXBuildFile; fileRef = 691E29E62B37C09700E6817D /* Models.swift */; };
		698CE21D2B380FDB00CCC680 /* CustomButton.swift in Sources */ = {isa = PBXBuildFile; fileRef = 698CE21C2B380FDB00CCC680 /* CustomButton.swift */; };
		698CE2202B382AD900CCC680 /* HomeViewState.swift in Sources */ = {isa = PBXBuildFile; fileRef = 698CE21F2B382AD900CCC680 /* HomeViewState.swift */; };
		699CFDC52B25A56D004F581A /* HomeView.swift in Sources */ = {isa = PBXBuildFile; fileRef = 699CFDC42B25A56D004F581A /* HomeView.swift */; };
		699CFDC72B25A638004F581A /* EditTimerView.swift in Sources */ = {isa = PBXBuildFile; fileRef = 699CFDC62B25A638004F581A /* EditTimerView.swift */; };
		699CFDC92B25A65B004F581A /* SettingsView.swift in Sources */ = {isa = PBXBuildFile; fileRef = 699CFDC82B25A65B004F581A /* SettingsView.swift */; };
		699CFDCC2B25A835004F581A /* RoundedCorner.swift in Sources */ = {isa = PBXBuildFile; fileRef = 699CFDCB2B25A835004F581A /* RoundedCorner.swift */; };
		69F7E3242B241FBF00494FDF /* NotoSansJP-Bold.ttf in Resources */ = {isa = PBXBuildFile; fileRef = 69F7E31A2B241FBE00494FDF /* NotoSansJP-Bold.ttf */; };
		69F7E3252B241FBF00494FDF /* NotoSansJP-Regular.ttf in Resources */ = {isa = PBXBuildFile; fileRef = 69F7E31B2B241FBE00494FDF /* NotoSansJP-Regular.ttf */; };
		69F7E3262B241FBF00494FDF /* NotoSansJP-ExtraBold.ttf in Resources */ = {isa = PBXBuildFile; fileRef = 69F7E31C2B241FBE00494FDF /* NotoSansJP-ExtraBold.ttf */; };
		69F7E3272B241FBF00494FDF /* NotoSansJP-SemiBold.ttf in Resources */ = {isa = PBXBuildFile; fileRef = 69F7E31D2B241FBE00494FDF /* NotoSansJP-SemiBold.ttf */; };
		69F7E3282B241FBF00494FDF /* NotoSansJP-Thin.ttf in Resources */ = {isa = PBXBuildFile; fileRef = 69F7E31E2B241FBF00494FDF /* NotoSansJP-Thin.ttf */; };
		69F7E3292B241FBF00494FDF /* NotoSansJP-Light.ttf in Resources */ = {isa = PBXBuildFile; fileRef = 69F7E31F2B241FBF00494FDF /* NotoSansJP-Light.ttf */; };
		69F7E32A2B241FBF00494FDF /* NotoSansJP-Medium.ttf in Resources */ = {isa = PBXBuildFile; fileRef = 69F7E3202B241FBF00494FDF /* NotoSansJP-Medium.ttf */; };
		69F7E32B2B241FBF00494FDF /* NotoSansJP-VariableFont_wght.ttf in Resources */ = {isa = PBXBuildFile; fileRef = 69F7E3212B241FBF00494FDF /* NotoSansJP-VariableFont_wght.ttf */; };
		69F7E32C2B241FBF00494FDF /* NotoSansJP-ExtraLight.ttf in Resources */ = {isa = PBXBuildFile; fileRef = 69F7E3222B241FBF00494FDF /* NotoSansJP-ExtraLight.ttf */; };
		69F7E32D2B241FBF00494FDF /* NotoSansJP-Black.ttf in Resources */ = {isa = PBXBuildFile; fileRef = 69F7E3232B241FBF00494FDF /* NotoSansJP-Black.ttf */; };
		69F7E3302B2420F500494FDF /* FontExtension.swift in Sources */ = {isa = PBXBuildFile; fileRef = 69F7E32F2B2420F500494FDF /* FontExtension.swift */; };
/* End PBXBuildFile section */

/* Begin PBXFileReference section */
		690A81D32B20A8F60012F215 /* TrainingTimer.app */ = {isa = PBXFileReference; explicitFileType = wrapper.application; includeInIndex = 0; path = TrainingTimer.app; sourceTree = BUILT_PRODUCTS_DIR; };
		690A81D62B20A8F60012F215 /* TrainingTimerApp.swift */ = {isa = PBXFileReference; lastKnownFileType = sourcecode.swift; path = TrainingTimerApp.swift; sourceTree = "<group>"; };
		690A81D82B20A8F60012F215 /* ContentView.swift */ = {isa = PBXFileReference; lastKnownFileType = sourcecode.swift; path = ContentView.swift; sourceTree = "<group>"; };
		690A81DC2B20A8F70012F215 /* Assets.xcassets */ = {isa = PBXFileReference; lastKnownFileType = folder.assetcatalog; path = Assets.xcassets; sourceTree = "<group>"; };
		690A81DF2B20A8F70012F215 /* Preview Assets.xcassets */ = {isa = PBXFileReference; lastKnownFileType = folder.assetcatalog; path = "Preview Assets.xcassets"; sourceTree = "<group>"; };
		6913BBCD2B35C23B00B76D0F /* ColorExtension.swift */ = {isa = PBXFileReference; lastKnownFileType = sourcecode.swift; path = ColorExtension.swift; sourceTree = "<group>"; };
		691E29E62B37C09700E6817D /* Models.swift */ = {isa = PBXFileReference; lastKnownFileType = sourcecode.swift; path = Models.swift; sourceTree = "<group>"; };
		698CE21C2B380FDB00CCC680 /* CustomButton.swift */ = {isa = PBXFileReference; lastKnownFileType = sourcecode.swift; path = CustomButton.swift; sourceTree = "<group>"; };
		698CE21F2B382AD900CCC680 /* HomeViewState.swift */ = {isa = PBXFileReference; lastKnownFileType = sourcecode.swift; path = HomeViewState.swift; sourceTree = "<group>"; };
		699CFDC42B25A56D004F581A /* HomeView.swift */ = {isa = PBXFileReference; lastKnownFileType = sourcecode.swift; path = HomeView.swift; sourceTree = "<group>"; };
		699CFDC62B25A638004F581A /* EditTimerView.swift */ = {isa = PBXFileReference; lastKnownFileType = sourcecode.swift; path = EditTimerView.swift; sourceTree = "<group>"; };
		699CFDC82B25A65B004F581A /* SettingsView.swift */ = {isa = PBXFileReference; lastKnownFileType = sourcecode.swift; path = SettingsView.swift; sourceTree = "<group>"; };
		699CFDCB2B25A835004F581A /* RoundedCorner.swift */ = {isa = PBXFileReference; lastKnownFileType = sourcecode.swift; path = RoundedCorner.swift; sourceTree = "<group>"; };
		69F7E31A2B241FBE00494FDF /* NotoSansJP-Bold.ttf */ = {isa = PBXFileReference; lastKnownFileType = file; path = "NotoSansJP-Bold.ttf"; sourceTree = "<group>"; };
		69F7E31B2B241FBE00494FDF /* NotoSansJP-Regular.ttf */ = {isa = PBXFileReference; lastKnownFileType = file; path = "NotoSansJP-Regular.ttf"; sourceTree = "<group>"; };
		69F7E31C2B241FBE00494FDF /* NotoSansJP-ExtraBold.ttf */ = {isa = PBXFileReference; lastKnownFileType = file; path = "NotoSansJP-ExtraBold.ttf"; sourceTree = "<group>"; };
		69F7E31D2B241FBE00494FDF /* NotoSansJP-SemiBold.ttf */ = {isa = PBXFileReference; lastKnownFileType = file; path = "NotoSansJP-SemiBold.ttf"; sourceTree = "<group>"; };
		69F7E31E2B241FBF00494FDF /* NotoSansJP-Thin.ttf */ = {isa = PBXFileReference; lastKnownFileType = file; path = "NotoSansJP-Thin.ttf"; sourceTree = "<group>"; };
		69F7E31F2B241FBF00494FDF /* NotoSansJP-Light.ttf */ = {isa = PBXFileReference; lastKnownFileType = file; path = "NotoSansJP-Light.ttf"; sourceTree = "<group>"; };
		69F7E3202B241FBF00494FDF /* NotoSansJP-Medium.ttf */ = {isa = PBXFileReference; lastKnownFileType = file; path = "NotoSansJP-Medium.ttf"; sourceTree = "<group>"; };
		69F7E3212B241FBF00494FDF /* NotoSansJP-VariableFont_wght.ttf */ = {isa = PBXFileReference; lastKnownFileType = file; path = "NotoSansJP-VariableFont_wght.ttf"; sourceTree = "<group>"; };
		69F7E3222B241FBF00494FDF /* NotoSansJP-ExtraLight.ttf */ = {isa = PBXFileReference; lastKnownFileType = file; path = "NotoSansJP-ExtraLight.ttf"; sourceTree = "<group>"; };
		69F7E3232B241FBF00494FDF /* NotoSansJP-Black.ttf */ = {isa = PBXFileReference; lastKnownFileType = file; path = "NotoSansJP-Black.ttf"; sourceTree = "<group>"; };
		69F7E32E2B241FFF00494FDF /* Info.plist */ = {isa = PBXFileReference; lastKnownFileType = text.plist; path = Info.plist; sourceTree = "<group>"; };
		69F7E32F2B2420F500494FDF /* FontExtension.swift */ = {isa = PBXFileReference; lastKnownFileType = sourcecode.swift; path = FontExtension.swift; sourceTree = "<group>"; };
/* End PBXFileReference section */

/* Begin PBXFrameworksBuildPhase section */
		690A81D02B20A8F60012F215 /* Frameworks */ = {
			isa = PBXFrameworksBuildPhase;
			buildActionMask = 2147483647;
			files = (
			);
			runOnlyForDeploymentPostprocessing = 0;
		};
/* End PBXFrameworksBuildPhase section */

/* Begin PBXGroup section */
		690A81CA2B20A8F60012F215 = {
			isa = PBXGroup;
			children = (
				690A81D52B20A8F60012F215 /* TrainingTimer */,
				690A81D42B20A8F60012F215 /* Products */,
			);
			sourceTree = "<group>";
		};
		690A81D42B20A8F60012F215 /* Products */ = {
			isa = PBXGroup;
			children = (
				690A81D32B20A8F60012F215 /* TrainingTimer.app */,
			);
			name = Products;
			sourceTree = "<group>";
		};
		690A81D52B20A8F60012F215 /* TrainingTimer */ = {
			isa = PBXGroup;
			children = (
				69F7E32E2B241FFF00494FDF /* Info.plist */,
				690A81D62B20A8F60012F215 /* TrainingTimerApp.swift */,
				690A81D82B20A8F60012F215 /* ContentView.swift */,
				699CFDC42B25A56D004F581A /* HomeView.swift */,
				698CE21F2B382AD900CCC680 /* HomeViewState.swift */,
				699CFDC62B25A638004F581A /* EditTimerView.swift */,
				699CFDC82B25A65B004F581A /* SettingsView.swift */,
				691E29E62B37C09700E6817D /* Models.swift */,
				698CE21E2B380FE000CCC680 /* CustomButtons */,
				699CFDCA2B25A7BC004F581A /* CustomShapes */,
				69F7E3312B2420F900494FDF /* Extension */,
				690A81DC2B20A8F70012F215 /* Assets.xcassets */,
				69F7E3192B241F9800494FDF /* Font */,
				690A81DE2B20A8F70012F215 /* Preview Content */,
			);
			path = TrainingTimer;
			sourceTree = "<group>";
		};
		690A81DE2B20A8F70012F215 /* Preview Content */ = {
			isa = PBXGroup;
			children = (
				690A81DF2B20A8F70012F215 /* Preview Assets.xcassets */,
			);
			path = "Preview Content";
			sourceTree = "<group>";
		};
		698CE21E2B380FE000CCC680 /* CustomButtons */ = {
			isa = PBXGroup;
			children = (
				698CE21C2B380FDB00CCC680 /* CustomButton.swift */,
			);
			path = CustomButtons;
			sourceTree = "<group>";
		};
		699CFDCA2B25A7BC004F581A /* CustomShapes */ = {
			isa = PBXGroup;
			children = (
				699CFDCB2B25A835004F581A /* RoundedCorner.swift */,
			);
			path = CustomShapes;
			sourceTree = "<group>";
		};
		69F7E3192B241F9800494FDF /* Font */ = {
			isa = PBXGroup;
			children = (
				69F7E3232B241FBF00494FDF /* NotoSansJP-Black.ttf */,
				69F7E31A2B241FBE00494FDF /* NotoSansJP-Bold.ttf */,
				69F7E31C2B241FBE00494FDF /* NotoSansJP-ExtraBold.ttf */,
				69F7E3222B241FBF00494FDF /* NotoSansJP-ExtraLight.ttf */,
				69F7E31F2B241FBF00494FDF /* NotoSansJP-Light.ttf */,
				69F7E3202B241FBF00494FDF /* NotoSansJP-Medium.ttf */,
				69F7E31B2B241FBE00494FDF /* NotoSansJP-Regular.ttf */,
				69F7E31D2B241FBE00494FDF /* NotoSansJP-SemiBold.ttf */,
				69F7E31E2B241FBF00494FDF /* NotoSansJP-Thin.ttf */,
				69F7E3212B241FBF00494FDF /* NotoSansJP-VariableFont_wght.ttf */,
			);
			path = Font;
			sourceTree = "<group>";
		};
		69F7E3312B2420F900494FDF /* Extension */ = {
			isa = PBXGroup;
			children = (
				69F7E32F2B2420F500494FDF /* FontExtension.swift */,
				6913BBCD2B35C23B00B76D0F /* ColorExtension.swift */,
			);
			path = Extension;
			sourceTree = "<group>";
		};
/* End PBXGroup section */

/* Begin PBXNativeTarget section */
		690A81D22B20A8F60012F215 /* TrainingTimer */ = {
			isa = PBXNativeTarget;
			buildConfigurationList = 690A81E32B20A8F70012F215 /* Build configuration list for PBXNativeTarget "TrainingTimer" */;
			buildPhases = (
				690A81CF2B20A8F60012F215 /* Sources */,
				690A81D02B20A8F60012F215 /* Frameworks */,
				690A81D12B20A8F60012F215 /* Resources */,
			);
			buildRules = (
			);
			dependencies = (
			);
			name = TrainingTimer;
			productName = MuscleTrainingTimer;
			productReference = 690A81D32B20A8F60012F215 /* TrainingTimer.app */;
			productType = "com.apple.product-type.application";
		};
/* End PBXNativeTarget section */

/* Begin PBXProject section */
		690A81CB2B20A8F60012F215 /* Project object */ = {
			isa = PBXProject;
			attributes = {
				BuildIndependentTargetsInParallel = 1;
				LastSwiftUpdateCheck = 1500;
				LastUpgradeCheck = 1500;
				TargetAttributes = {
					690A81D22B20A8F60012F215 = {
						CreatedOnToolsVersion = 15.0.1;
					};
				};
			};
			buildConfigurationList = 690A81CE2B20A8F60012F215 /* Build configuration list for PBXProject "TrainingTimer" */;
			compatibilityVersion = "Xcode 14.0";
			developmentRegion = en;
			hasScannedForEncodings = 0;
			knownRegions = (
				en,
				Base,
			);
			mainGroup = 690A81CA2B20A8F60012F215;
			productRefGroup = 690A81D42B20A8F60012F215 /* Products */;
			projectDirPath = "";
			projectRoot = "";
			targets = (
				690A81D22B20A8F60012F215 /* TrainingTimer */,
			);
		};
/* End PBXProject section */

/* Begin PBXResourcesBuildPhase section */
		690A81D12B20A8F60012F215 /* Resources */ = {
			isa = PBXResourcesBuildPhase;
			buildActionMask = 2147483647;
			files = (
				69F7E3252B241FBF00494FDF /* NotoSansJP-Regular.ttf in Resources */,
				69F7E32D2B241FBF00494FDF /* NotoSansJP-Black.ttf in Resources */,
				690A81E02B20A8F70012F215 /* Preview Assets.xcassets in Resources */,
				69F7E3282B241FBF00494FDF /* NotoSansJP-Thin.ttf in Resources */,
				69F7E3272B241FBF00494FDF /* NotoSansJP-SemiBold.ttf in Resources */,
				69F7E3292B241FBF00494FDF /* NotoSansJP-Light.ttf in Resources */,
				69F7E3242B241FBF00494FDF /* NotoSansJP-Bold.ttf in Resources */,
				69F7E32B2B241FBF00494FDF /* NotoSansJP-VariableFont_wght.ttf in Resources */,
				69F7E32C2B241FBF00494FDF /* NotoSansJP-ExtraLight.ttf in Resources */,
				69F7E32A2B241FBF00494FDF /* NotoSansJP-Medium.ttf in Resources */,
				69F7E3262B241FBF00494FDF /* NotoSansJP-ExtraBold.ttf in Resources */,
				690A81DD2B20A8F70012F215 /* Assets.xcassets in Resources */,
			);
			runOnlyForDeploymentPostprocessing = 0;
		};
/* End PBXResourcesBuildPhase section */

/* Begin PBXSourcesBuildPhase section */
		690A81CF2B20A8F60012F215 /* Sources */ = {
			isa = PBXSourcesBuildPhase;
			buildActionMask = 2147483647;
			files = (
				698CE2202B382AD900CCC680 /* HomeViewState.swift in Sources */,
				699CFDCC2B25A835004F581A /* RoundedCorner.swift in Sources */,
				690A81D92B20A8F60012F215 /* ContentView.swift in Sources */,
				69F7E3302B2420F500494FDF /* FontExtension.swift in Sources */,
				6913BBCE2B35C23B00B76D0F /* ColorExtension.swift in Sources */,
				698CE21D2B380FDB00CCC680 /* CustomButton.swift in Sources */,
				699CFDC92B25A65B004F581A /* SettingsView.swift in Sources */,
				699CFDC52B25A56D004F581A /* HomeView.swift in Sources */,
				691E29E72B37C09700E6817D /* Models.swift in Sources */,
				699CFDC72B25A638004F581A /* EditTimerView.swift in Sources */,
				690A81D72B20A8F60012F215 /* TrainingTimerApp.swift in Sources */,
			);
			runOnlyForDeploymentPostprocessing = 0;
		};
/* End PBXSourcesBuildPhase section */

/* Begin XCBuildConfiguration section */
		690A81E12B20A8F70012F215 /* Debug */ = {
			isa = XCBuildConfiguration;
			buildSettings = {
				ALWAYS_SEARCH_USER_PATHS = NO;
				ASSETCATALOG_COMPILER_GENERATE_SWIFT_ASSET_SYMBOL_EXTENSIONS = YES;
				CLANG_ANALYZER_NONNULL = YES;
				CLANG_ANALYZER_NUMBER_OBJECT_CONVERSION = YES_AGGRESSIVE;
				CLANG_CXX_LANGUAGE_STANDARD = "gnu++20";
				CLANG_ENABLE_MODULES = YES;
				CLANG_ENABLE_OBJC_ARC = YES;
				CLANG_ENABLE_OBJC_WEAK = YES;
				CLANG_WARN_BLOCK_CAPTURE_AUTORELEASING = YES;
				CLANG_WARN_BOOL_CONVERSION = YES;
				CLANG_WARN_COMMA = YES;
				CLANG_WARN_CONSTANT_CONVERSION = YES;
				CLANG_WARN_DEPRECATED_OBJC_IMPLEMENTATIONS = YES;
				CLANG_WARN_DIRECT_OBJC_ISA_USAGE = YES_ERROR;
				CLANG_WARN_DOCUMENTATION_COMMENTS = YES;
				CLANG_WARN_EMPTY_BODY = YES;
				CLANG_WARN_ENUM_CONVERSION = YES;
				CLANG_WARN_INFINITE_RECURSION = YES;
				CLANG_WARN_INT_CONVERSION = YES;
				CLANG_WARN_NON_LITERAL_NULL_CONVERSION = YES;
				CLANG_WARN_OBJC_IMPLICIT_RETAIN_SELF = YES;
				CLANG_WARN_OBJC_LITERAL_CONVERSION = YES;
				CLANG_WARN_OBJC_ROOT_CLASS = YES_ERROR;
				CLANG_WARN_QUOTED_INCLUDE_IN_FRAMEWORK_HEADER = YES;
				CLANG_WARN_RANGE_LOOP_ANALYSIS = YES;
				CLANG_WARN_STRICT_PROTOTYPES = YES;
				CLANG_WARN_SUSPICIOUS_MOVE = YES;
				CLANG_WARN_UNGUARDED_AVAILABILITY = YES_AGGRESSIVE;
				CLANG_WARN_UNREACHABLE_CODE = YES;
				CLANG_WARN__DUPLICATE_METHOD_MATCH = YES;
				COPY_PHASE_STRIP = NO;
				DEBUG_INFORMATION_FORMAT = dwarf;
				ENABLE_STRICT_OBJC_MSGSEND = YES;
				ENABLE_TESTABILITY = YES;
				ENABLE_USER_SCRIPT_SANDBOXING = YES;
				GCC_C_LANGUAGE_STANDARD = gnu17;
				GCC_DYNAMIC_NO_PIC = NO;
				GCC_NO_COMMON_BLOCKS = YES;
				GCC_OPTIMIZATION_LEVEL = 0;
				GCC_PREPROCESSOR_DEFINITIONS = (
					"DEBUG=1",
					"$(inherited)",
				);
				GCC_WARN_64_TO_32_BIT_CONVERSION = YES;
				GCC_WARN_ABOUT_RETURN_TYPE = YES_ERROR;
				GCC_WARN_UNDECLARED_SELECTOR = YES;
				GCC_WARN_UNINITIALIZED_AUTOS = YES_AGGRESSIVE;
				GCC_WARN_UNUSED_FUNCTION = YES;
				GCC_WARN_UNUSED_VARIABLE = YES;
				IPHONEOS_DEPLOYMENT_TARGET = 17.0;
				LOCALIZATION_PREFERS_STRING_CATALOGS = YES;
				MTL_ENABLE_DEBUG_INFO = INCLUDE_SOURCE;
				MTL_FAST_MATH = YES;
				ONLY_ACTIVE_ARCH = YES;
				SDKROOT = iphoneos;
				SWIFT_ACTIVE_COMPILATION_CONDITIONS = "DEBUG $(inherited)";
				SWIFT_OPTIMIZATION_LEVEL = "-Onone";
			};
			name = Debug;
		};
		690A81E22B20A8F70012F215 /* Release */ = {
			isa = XCBuildConfiguration;
			buildSettings = {
				ALWAYS_SEARCH_USER_PATHS = NO;
				ASSETCATALOG_COMPILER_GENERATE_SWIFT_ASSET_SYMBOL_EXTENSIONS = YES;
				CLANG_ANALYZER_NONNULL = YES;
				CLANG_ANALYZER_NUMBER_OBJECT_CONVERSION = YES_AGGRESSIVE;
				CLANG_CXX_LANGUAGE_STANDARD = "gnu++20";
				CLANG_ENABLE_MODULES = YES;
				CLANG_ENABLE_OBJC_ARC = YES;
				CLANG_ENABLE_OBJC_WEAK = YES;
				CLANG_WARN_BLOCK_CAPTURE_AUTORELEASING = YES;
				CLANG_WARN_BOOL_CONVERSION = YES;
				CLANG_WARN_COMMA = YES;
				CLANG_WARN_CONSTANT_CONVERSION = YES;
				CLANG_WARN_DEPRECATED_OBJC_IMPLEMENTATIONS = YES;
				CLANG_WARN_DIRECT_OBJC_ISA_USAGE = YES_ERROR;
				CLANG_WARN_DOCUMENTATION_COMMENTS = YES;
				CLANG_WARN_EMPTY_BODY = YES;
				CLANG_WARN_ENUM_CONVERSION = YES;
				CLANG_WARN_INFINITE_RECURSION = YES;
				CLANG_WARN_INT_CONVERSION = YES;
				CLANG_WARN_NON_LITERAL_NULL_CONVERSION = YES;
				CLANG_WARN_OBJC_IMPLICIT_RETAIN_SELF = YES;
				CLANG_WARN_OBJC_LITERAL_CONVERSION = YES;
				CLANG_WARN_OBJC_ROOT_CLASS = YES_ERROR;
				CLANG_WARN_QUOTED_INCLUDE_IN_FRAMEWORK_HEADER = YES;
				CLANG_WARN_RANGE_LOOP_ANALYSIS = YES;
				CLANG_WARN_STRICT_PROTOTYPES = YES;
				CLANG_WARN_SUSPICIOUS_MOVE = YES;
				CLANG_WARN_UNGUARDED_AVAILABILITY = YES_AGGRESSIVE;
				CLANG_WARN_UNREACHABLE_CODE = YES;
				CLANG_WARN__DUPLICATE_METHOD_MATCH = YES;
				COPY_PHASE_STRIP = NO;
				DEBUG_INFORMATION_FORMAT = "dwarf-with-dsym";
				ENABLE_NS_ASSERTIONS = NO;
				ENABLE_STRICT_OBJC_MSGSEND = YES;
				ENABLE_USER_SCRIPT_SANDBOXING = YES;
				GCC_C_LANGUAGE_STANDARD = gnu17;
				GCC_NO_COMMON_BLOCKS = YES;
				GCC_WARN_64_TO_32_BIT_CONVERSION = YES;
				GCC_WARN_ABOUT_RETURN_TYPE = YES_ERROR;
				GCC_WARN_UNDECLARED_SELECTOR = YES;
				GCC_WARN_UNINITIALIZED_AUTOS = YES_AGGRESSIVE;
				GCC_WARN_UNUSED_FUNCTION = YES;
				GCC_WARN_UNUSED_VARIABLE = YES;
				IPHONEOS_DEPLOYMENT_TARGET = 17.0;
				LOCALIZATION_PREFERS_STRING_CATALOGS = YES;
				MTL_ENABLE_DEBUG_INFO = NO;
				MTL_FAST_MATH = YES;
				SDKROOT = iphoneos;
				SWIFT_COMPILATION_MODE = wholemodule;
				VALIDATE_PRODUCT = YES;
			};
			name = Release;
		};
		690A81E42B20A8F70012F215 /* Debug */ = {
			isa = XCBuildConfiguration;
			buildSettings = {
				ASSETCATALOG_COMPILER_APPICON_NAME = AppIcon;
				ASSETCATALOG_COMPILER_GLOBAL_ACCENT_COLOR_NAME = AccentColor;
				CODE_SIGN_STYLE = Automatic;
				CURRENT_PROJECT_VERSION = 1;
				DEVELOPMENT_ASSET_PATHS = "\"TrainingTimer/Preview Content\"";
				DEVELOPMENT_TEAM = 3Y4GK7Y66H;
				ENABLE_PREVIEWS = YES;
				GENERATE_INFOPLIST_FILE = YES;
				INFOPLIST_FILE = TrainingTimer/Info.plist;
				INFOPLIST_KEY_UIApplicationSceneManifest_Generation = YES;
				INFOPLIST_KEY_UIApplicationSupportsIndirectInputEvents = YES;
				INFOPLIST_KEY_UILaunchScreen_Generation = YES;
				INFOPLIST_KEY_UISupportedInterfaceOrientations_iPad = "UIInterfaceOrientationPortrait UIInterfaceOrientationPortraitUpsideDown UIInterfaceOrientationLandscapeLeft UIInterfaceOrientationLandscapeRight";
				INFOPLIST_KEY_UISupportedInterfaceOrientations_iPhone = "UIInterfaceOrientationPortrait UIInterfaceOrientationLandscapeLeft UIInterfaceOrientationLandscapeRight";
				LD_RUNPATH_SEARCH_PATHS = (
					"$(inherited)",
					"@executable_path/Frameworks",
				);
				MARKETING_VERSION = 1.0;
				PRODUCT_BUNDLE_IDENTIFIER = masatakasumida.TrainingTimer;
				PRODUCT_NAME = "$(TARGET_NAME)";
				SWIFT_EMIT_LOC_STRINGS = YES;
				SWIFT_VERSION = 5.0;
				TARGETED_DEVICE_FAMILY = "1,2";
			};
			name = Debug;
		};
		690A81E52B20A8F70012F215 /* Release */ = {
			isa = XCBuildConfiguration;
			buildSettings = {
				ASSETCATALOG_COMPILER_APPICON_NAME = AppIcon;
				ASSETCATALOG_COMPILER_GLOBAL_ACCENT_COLOR_NAME = AccentColor;
				CODE_SIGN_STYLE = Automatic;
				CURRENT_PROJECT_VERSION = 1;
				DEVELOPMENT_ASSET_PATHS = "\"TrainingTimer/Preview Content\"";
				DEVELOPMENT_TEAM = 3Y4GK7Y66H;
				ENABLE_PREVIEWS = YES;
				GENERATE_INFOPLIST_FILE = YES;
				INFOPLIST_FILE = TrainingTimer/Info.plist;
				INFOPLIST_KEY_UIApplicationSceneManifest_Generation = YES;
				INFOPLIST_KEY_UIApplicationSupportsIndirectInputEvents = YES;
				INFOPLIST_KEY_UILaunchScreen_Generation = YES;
				INFOPLIST_KEY_UISupportedInterfaceOrientations_iPad = "UIInterfaceOrientationPortrait UIInterfaceOrientationPortraitUpsideDown UIInterfaceOrientationLandscapeLeft UIInterfaceOrientationLandscapeRight";
				INFOPLIST_KEY_UISupportedInterfaceOrientations_iPhone = "UIInterfaceOrientationPortrait UIInterfaceOrientationLandscapeLeft UIInterfaceOrientationLandscapeRight";
				LD_RUNPATH_SEARCH_PATHS = (
					"$(inherited)",
					"@executable_path/Frameworks",
				);
				MARKETING_VERSION = 1.0;
				PRODUCT_BUNDLE_IDENTIFIER = masatakasumida.TrainingTimer;
				PRODUCT_NAME = "$(TARGET_NAME)";
				SWIFT_EMIT_LOC_STRINGS = YES;
				SWIFT_VERSION = 5.0;
				TARGETED_DEVICE_FAMILY = "1,2";
			};
			name = Release;
		};
/* End XCBuildConfiguration section */

/* Begin XCConfigurationList section */
		690A81CE2B20A8F60012F215 /* Build configuration list for PBXProject "TrainingTimer" */ = {
			isa = XCConfigurationList;
			buildConfigurations = (
				690A81E12B20A8F70012F215 /* Debug */,
				690A81E22B20A8F70012F215 /* Release */,
			);
			defaultConfigurationIsVisible = 0;
			defaultConfigurationName = Release;
		};
		690A81E32B20A8F70012F215 /* Build configuration list for PBXNativeTarget "TrainingTimer" */ = {
			isa = XCConfigurationList;
			buildConfigurations = (
				690A81E42B20A8F70012F215 /* Debug */,
				690A81E52B20A8F70012F215 /* Release */,
			);
			defaultConfigurationIsVisible = 0;
			defaultConfigurationName = Release;
		};
/* End XCConfigurationList section */
	};
	rootObject = 690A81CB2B20A8F60012F215 /* Project object */;
}
